
Microsoft Visual Studio Solution File, Format Version 12.00
# Visual Studio Version 17
VisualStudioVersion = 17.14.36310.24
MinimumVisualStudioVersion = 10.0.40219.1
Project("{FAE04EC0-301F-11D3-BF4B-00C04F79EFBC}") = "EVMS", "EVMS\EVMS.csproj", "{E32043FE-6A16-434B-AA08-1BC31B381E9A}"
EndProject
Project("{54435603-DBB4-11D2-8724-00A0C9A8B90C}") = "Setup EVMS", "Setup EVMS\Setup EVMS.vdproj", "{A44F4F14-C022-0952-D19C-9CE5E9F07FDA}"
EndProject
Global
	GlobalSection(SolutionConfigurationPlatforms) = preSolution
		Debug|Any CPU = Debug|Any CPU
		Release|Any CPU = Release|Any CPU
	EndGlobalSection
	GlobalSection(ProjectConfigurationPlatforms) = postSolution
		{E32043FE-6A16-434B-AA08-1BC31B381E9A}.Debug|Any CPU.ActiveCfg = Debug|Any CPU
		{E32043FE-6A16-434B-AA08-1BC31B381E9A}.Debug|Any CPU.Build.0 = Debug|Any CPU
		{E32043FE-6A16-434B-AA08-1BC31B381E9A}.Release|Any CPU.ActiveCfg = Release|Any CPU
		{E32043FE-6A16-434B-AA08-1BC31B381E9A}.Release|Any CPU.Build.0 = Release|Any CPU
		{A44F4F14-C022-0952-D19C-9CE5E9F07FDA}.Debug|Any CPU.ActiveCfg = Debug
		{A44F4F14-C022-0952-D19C-9CE5E9F07FDA}.Release|Any CPU.ActiveCfg = Release
	EndGlobalSection
	GlobalSection(SolutionProperties) = preSolution
		HideSolutionNode = FALSE
	EndGlobalSection
	GlobalSection(ExtensibilityGlobals) = postSolution
		SolutionGuid = {3ABC2757-9656-4AB7-AD34-0BDD46B8A0FA}
	EndGlobalSection
EndGlobal
